{
  "object": {
    "pins": [
      {
        "package": "abseil",
        "repositoryURL": "https://github.com/google/abseil-cpp-binary.git",
        "state": {
          "branch": null,
          "revision": "748c7837511d0e6a507737353af268484e1745e2",
          "version": "1.2024011601.1"
        }
      },
      {
        "package": "Antlr4",
        "repositoryURL": "https://github.com/antlr/antlr4",
        "state": {
          "branch": null,
          "revision": "7ed420ff2c78d62883875c442d75f32e73bc86c8",
          "version": "4.13.1"
        }
      },
      {
        "package": "AnyCodable",
        "repositoryURL": "https://github.com/Flight-School/AnyCodable",
        "state": {
          "branch": null,
          "revision": "862808b2070cd908cb04f9aafe7de83d35f81b05",
          "version": "0.6.7"
        }
      },
      {
        "package": "AppCheck",
        "repositoryURL": "https://github.com/google/app-check.git",
        "state": {
          "branch": null,
          "revision": "7d2688de038d5484866d835acb47b379722d610e",
          "version": "10.19.0"
        }
      },
      {
        "package": "FHIRModels",
        "repositoryURL": "https://github.com/apple/FHIRModels",
        "state": {
          "branch": null,
          "revision": "861afd5816a98d38f86220eab2f812d76cad84a0",
          "version": "0.5.0"
        }
      },
      {
        "package": "Firebase",
        "repositoryURL": "https://github.com/firebase/firebase-ios-sdk.git",
        "state": {
          "branch": null,
          "revision": "97940381e57703c07f31a8058d8f39ec53b7c272",
          "version": "10.25.0"
        }
      },
      {
        "package": "GoogleAppMeasurement",
        "repositoryURL": "https://github.com/google/GoogleAppMeasurement.git",
        "state": {
          "branch": null,
          "revision": "16244d177c4e989f87b25e9db1012b382cfedc55",
          "version": "10.25.0"
        }
      },
      {
        "package": "GoogleDataTransport",
        "repositoryURL": "https://github.com/google/GoogleDataTransport.git",
        "state": {
          "branch": null,
          "revision": "a637d318ae7ae246b02d7305121275bc75ed5565",
          "version": "9.4.0"
        }
      },
      {
        "package": "GoogleUtilities",
        "repositoryURL": "https://github.com/google/GoogleUtilities.git",
        "state": {
          "branch": null,
          "revision": "8e5d57ed87057cd7b0e4e8f474d9e78f73eb85f7",
          "version": "7.13.2"
        }
      },
      {
        "package": "gRPC",
        "repositoryURL": "https://github.com/google/grpc-binary.git",
        "state": {
          "branch": null,
          "revision": "e9fad491d0673bdda7063a0341fb6b47a30c5359",
          "version": "1.62.2"
        }
      },
      {
        "package": "GTMSessionFetcher",
        "repositoryURL": "https://github.com/google/gtm-session-fetcher.git",
        "state": {
          "branch": null,
          "revision": "0382ca27f22fb3494cf657d8dc356dc282cd1193",
          "version": "3.4.1"
        }
      },
      {
        "package": "HealthKitOnFHIR",
        "repositoryURL": "https://github.com/StanfordBDHG/HealthKitOnFHIR.git",
        "state": {
          "branch": null,
          "revision": "418929f315f37e6d9c8f30f40030bc65b9cc47c9",
          "version": "0.2.8"
        }
      },
      {
        "package": "InteropForGoogle",
        "repositoryURL": "https://github.com/google/interop-ios-for-google-sdks.git",
        "state": {
          "branch": null,
          "revision": "2d12673670417654f08f5f90fdd62926dc3a2648",
          "version": "100.0.0"
        }
      },
      {
        "package": "leveldb",
        "repositoryURL": "https://github.com/firebase/leveldb.git",
        "state": {
          "branch": null,
          "revision": "a0bc79961d7be727d258d33d5a6b2f1023270ba1",
          "version": "1.22.5"
        }
      },
      {
        "package": "llama",
        "repositoryURL": "https://github.com/StanfordBDHG/llama.cpp",
        "state": {
          "branch": null,
          "revision": "7bfd6d4b5bbc9fd47bd023bdbb35f96c827977f3",
          "version": "0.2.1"
        }
      },
      {
        "package": "nanopb",
        "repositoryURL": "https://github.com/firebase/nanopb.git",
        "state": {
          "branch": null,
          "revision": "b7e1104502eca3a213b46303391ca4d3bc8ddec1",
          "version": "2.30910.0"
        }
      },
      {
        "package": "OpenAI",
        "repositoryURL": "https://github.com/StanfordBDHG/OpenAI",
        "state": {
          "branch": null,
          "revision": "29316babb446c34bb07bf528d96de7eb41e7b03c",
          "version": "0.2.8"
        }
      },
      {
        "package": "Promises",
        "repositoryURL": "https://github.com/google/promises.git",
        "state": {
          "branch": null,
          "revision": "540318ecedd63d883069ae7f1ed811a2df00b6ac",
          "version": "2.4.0"
        }
      },
      {
        "package": "ResearchKit",
        "repositoryURL": "https://github.com/StanfordBDHG/ResearchKit",
        "state": {
          "branch": null,
          "revision": "3f70adf898b5985ba15e25d5074d86a9c657d305",
          "version": "2.2.30"
        }
      },
      {
        "package": "ResearchKitOnFHIR",
        "repositoryURL": "https://github.com/StanfordBDHG/ResearchKitOnFHIR",
        "state": {
          "branch": null,
          "revision": "cdb24dd5607d5a63aaf3a3597c98122189cb548e",
          "version": "1.3.0"
        }
      },
      {
        "package": "Spezi",
        "repositoryURL": "https://github.com/StanfordSpezi/Spezi",
        "state": {
          "branch": null,
          "revision": "c43e4fa3d3938a847de2b677091a34ddaea5bc76",
          "version": "1.2.3"
        }
      },
      {
        "package": "SpeziAccount",
        "repositoryURL": "https://github.com/StanfordSpezi/SpeziAccount.git",
        "state": {
          "branch": null,
          "revision": "83f505c69865d5aaacf71fd5ae8d2ffb8c3187d8",
          "version": "1.2.3"
        }
      },
      {
        "package": "SpeziChat",
        "repositoryURL": "https://github.com/StanfordSpezi/SpeziChat",
        "state": {
          "branch": null,
          "revision": "aaa10d71431b78ece8bf29f95c0050632714984d",
          "version": "0.2.0"
        }
      },
      {
        "package": "SpeziFHIR",
        "repositoryURL": "https://github.com/StanfordSpezi/SpeziFHIR.git",
        "state": {
          "branch": null,
          "revision": "6eb16d2f80093d0c6db7d7966bc177e9454b5a49",
          "version": "0.6.1"
        }
      },
      {
        "package": "SpeziFirebase",
        "repositoryURL": "https://github.com/StanfordSpezi/SpeziFirebase.git",
        "state": {
          "branch": null,
          "revision": "16c1c751c14b08ae593eacf9bc2752c2e070fe2f",
          "version": "1.1.0"
        }
      },
      {
        "package": "SpeziFoundation",
        "repositoryURL": "https://github.com/StanfordSpezi/SpeziFoundation",
        "state": {
          "branch": null,
          "revision": "01af5b91a54f30ddd121258e81aff2ddc2a99ff9",
          "version": "1.0.4"
        }
      },
      {
        "package": "SpeziHealthKit",
        "repositoryURL": "https://github.com/StanfordSpezi/SpeziHealthKit.git",
        "state": {
          "branch": null,
          "revision": "1e9cb5a6036ac7f4ff37ea1c3ed4898103339ad1",
          "version": "0.5.3"
        }
      },
      {
        "package": "SpeziLLM",
        "repositoryURL": "https://github.com/StanfordSpezi/SpeziLLM.git",
        "state": {
          "branch": null,
          "revision": "cbaf20496e600c985dea2358f35a497fe4964116",
          "version": "0.8.1"
        }
      },
      {
        "package": "SpeziOnboarding",
        "repositoryURL": "https://github.com/StanfordSpezi/SpeziOnboarding",
        "state": {
          "branch": null,
          "revision": "8d6dda3501720a1952573439b21a503cbecd9e0f",
          "version": "1.2.0"
        }
      },
      {
        "package": "SpeziQuestionnaire",
        "repositoryURL": "https://github.com/StanfordSpezi/SpeziQuestionnaire.git",
        "state": {
          "branch": null,
          "revision": "f9d9b6d99bb1e00bda2974b440dca8367733d591",
          "version": "1.1.0"
        }
      },
      {
        "package": "SpeziSpeech",
        "repositoryURL": "https://github.com/StanfordSpezi/SpeziSpeech",
        "state": {
          "branch": null,
          "revision": "60b8cdbf6f3d58b0d75eadf30db50f88848069aa",
          "version": "1.0.1"
        }
      },
      {
        "package": "SpeziStorage",
        "repositoryURL": "https://github.com/StanfordSpezi/SpeziStorage.git",
        "state": {
          "branch": null,
          "revision": "b958df9b31f24800388a7bfc28f457ce7b82556c",
          "version": "1.0.2"
        }
      },
      {
        "package": "SpeziViews",
        "repositoryURL": "https://github.com/StanfordSpezi/SpeziViews.git",
        "state": {
          "branch": null,
          "revision": "4d2a724d97c8f19ac7de7aa2c046b1cb3ef7b279",
          "version": "1.3.1"
        }
      },
      {
        "package": "swift-argument-parser",
        "repositoryURL": "https://github.com/apple/swift-argument-parser",
        "state": {
          "branch": null,
          "revision": "46989693916f56d1186bd59ac15124caef896560",
          "version": "1.3.1"
        }
      },
      {
        "package": "swift-collections",
        "repositoryURL": "https://github.com/apple/swift-collections.git",
        "state": {
          "branch": null,
          "revision": "94cf62b3ba8d4bed62680a282d4c25f9c63c2efb",
          "version": "1.1.0"
        }
      },
      {
        "package": "SwiftPackageList",
        "repositoryURL": "https://github.com/FelixHerrmann/swift-package-list",
        "state": {
          "branch": null,
          "revision": "412180a72b9a1f8262213c16459e3533b0385ea5",
          "version": "3.1.0"
        }
      },
      {
        "package": "SwiftProtobuf",
        "repositoryURL": "https://github.com/apple/swift-protobuf.git",
        "state": {
          "branch": null,
          "revision": "9f0c76544701845ad98716f3f6a774a892152bcb",
          "version": "1.26.0"
        }
      },
      {
        "package": "XCTestExtensions",
        "repositoryURL": "https://github.com/StanfordBDHG/XCTestExtensions.git",
        "state": {
          "branch": null,
          "revision": "1fe9b8e76aeb7a132af37bfa0892160c9b662dcc",
          "version": "0.4.10"
        }
      },
      {
        "package": "XCTHealthKit",
        "repositoryURL": "https://github.com/StanfordBDHG/XCTHealthKit.git",
        "state": {
          "branch": null,
          "revision": "6e9344a2d632b801d94fe3bbd1d891817e032103",
          "version": "0.3.5"
        }
      },
      {
        "package": "XCTRuntimeAssertions",
        "repositoryURL": "https://github.com/StanfordBDHG/XCTRuntimeAssertions",
        "state": {
          "branch": null,
          "revision": "51da3403f128b120705571ce61e0fe190f8889e6",
          "version": "1.0.1"
        }
      }
    ]
  },
  "version": 1
}
